
Microsoft Visual Studio Solution File, Format Version 12.00
Project("{2150E333-8FDC-42A3-9474-1A3956D46DE8}") = "src", "src", "{753B7346-6559-4CEE-9E05-36CFE9A04C36}"
EndProject
Project("{FAE04EC0-301F-11D3-BF4B-00C04F79EFBC}") = "Giantnodes.Infrastructure", "src\Infrastructure\Giantnodes.Infrastructure.csproj", "{E2292CD5-630B-4843-8C74-22A12CEE54D5}"
EndProject
Project("{FAE04EC0-301F-11D3-BF4B-00C04F79EFBC}") = "Giantnodes.Infrastructure.EntityFrameworkCore", "src\EntityFrameworkCore\Giantnodes.Infrastructure.EntityFrameworkCore.csproj", "{43964ADD-BBA8-4862-9B81-2DF7BA8618B2}"
EndProject
Project("{FAE04EC0-301F-11D3-BF4B-00C04F79EFBC}") = "Giantnodes.Infrastructure.GraphQL", "src\GraphQL\Giantnodes.Infrastructure.GraphQL.csproj", "{5B6367BD-2D0B-49A9-B7C2-97C606B08D38}"
EndProject
Project("{FAE04EC0-301F-11D3-BF4B-00C04F79EFBC}") = "Giantnodes.Infrastructure.MassTransit", "src\MassTransit\Giantnodes.Infrastructure.MassTransit.csproj", "{B1D30DE2-6BD5-43E5-9F15-E000377D0B2F}"
EndProject
Project("{FAE04EC0-301F-11D3-BF4B-00C04F79EFBC}") = "Giantnodes.Infrastructure.Pipelines", "src\Pipelines\Giantnodes.Infrastructure.Pipelines.csproj", "{82A2F103-819A-4E14-B287-2258C1ADB864}"
EndProject
Project("{FAE04EC0-301F-11D3-BF4B-00C04F79EFBC}") = "Giantnodes.Infrastructure.Pipelines.MassTransit", "src\Pipelines.MassTransit\Giantnodes.Infrastructure.Pipelines.MassTransit.csproj", "{369C30DE-C68E-41DA-8657-4FAF97026C1A}"
EndProject
Project("{2150E333-8FDC-42A3-9474-1A3956D46DE8}") = "tests", "tests", "{D573B0EF-D694-48AB-9DDF-62D5777BC1A2}"
EndProject
Project("{FAE04EC0-301F-11D3-BF4B-00C04F79EFBC}") = "Giantnodes.Infrastructure.Tests", "tests\Infrastructure.Tests\Giantnodes.Infrastructure.Tests.csproj", "{F1419FE8-12D2-487E-9F91-D005F4293B97}"
EndProject
Project("{FAE04EC0-301F-11D3-BF4B-00C04F79EFBC}") = "Giantnodes.Infrastructure.GraphQL.Tests", "tests\GraphQL.Tests\Giantnodes.Infrastructure.GraphQL.Tests.csproj", "{6E9DD63F-8C8C-429A-839B-49290707EF2A}"
EndProject
Project("{FAE04EC0-301F-11D3-BF4B-00C04F79EFBC}") = "Giantnodes.Infrastructure.Pipelines.Tests", "tests\Pipelines.Tests\Giantnodes.Infrastructure.Pipelines.Tests.csproj", "{739B0E9E-CA1B-4A76-9D75-BFA595B20E1E}"
EndProject
Global
	GlobalSection(SolutionConfigurationPlatforms) = preSolution
		Debug|Any CPU = Debug|Any CPU
		Release|Any CPU = Release|Any CPU
	EndGlobalSection
	GlobalSection(NestedProjects) = preSolution
		{E2292CD5-630B-4843-8C74-22A12CEE54D5} = {753B7346-6559-4CEE-9E05-36CFE9A04C36}
		{5B6367BD-2D0B-49A9-B7C2-97C606B08D38} = {753B7346-6559-4CEE-9E05-36CFE9A04C36}
		{F1419FE8-12D2-487E-9F91-D005F4293B97} = {D573B0EF-D694-48AB-9DDF-62D5777BC1A2}
		{6E9DD63F-8C8C-429A-839B-49290707EF2A} = {D573B0EF-D694-48AB-9DDF-62D5777BC1A2}
		{43964ADD-BBA8-4862-9B81-2DF7BA8618B2} = {753B7346-6559-4CEE-9E05-36CFE9A04C36}
		{B1D30DE2-6BD5-43E5-9F15-E000377D0B2F} = {753B7346-6559-4CEE-9E05-36CFE9A04C36}
		{82A2F103-819A-4E14-B287-2258C1ADB864} = {753B7346-6559-4CEE-9E05-36CFE9A04C36}
		{369C30DE-C68E-41DA-8657-4FAF97026C1A} = {753B7346-6559-4CEE-9E05-36CFE9A04C36}
		{739B0E9E-CA1B-4A76-9D75-BFA595B20E1E} = {D573B0EF-D694-48AB-9DDF-62D5777BC1A2}
	EndGlobalSection
	GlobalSection(ProjectConfigurationPlatforms) = postSolution
		{E2292CD5-630B-4843-8C74-22A12CEE54D5}.Debug|Any CPU.ActiveCfg = Debug|Any CPU
		{E2292CD5-630B-4843-8C74-22A12CEE54D5}.Debug|Any CPU.Build.0 = Debug|Any CPU
		{E2292CD5-630B-4843-8C74-22A12CEE54D5}.Release|Any CPU.ActiveCfg = Release|Any CPU
		{E2292CD5-630B-4843-8C74-22A12CEE54D5}.Release|Any CPU.Build.0 = Release|Any CPU
		{5B6367BD-2D0B-49A9-B7C2-97C606B08D38}.Debug|Any CPU.ActiveCfg = Debug|Any CPU
		{5B6367BD-2D0B-49A9-B7C2-97C606B08D38}.Debug|Any CPU.Build.0 = Debug|Any CPU
		{5B6367BD-2D0B-49A9-B7C2-97C606B08D38}.Release|Any CPU.ActiveCfg = Release|Any CPU
		{5B6367BD-2D0B-49A9-B7C2-97C606B08D38}.Release|Any CPU.Build.0 = Release|Any CPU
		{F1419FE8-12D2-487E-9F91-D005F4293B97}.Debug|Any CPU.ActiveCfg = Debug|Any CPU
		{F1419FE8-12D2-487E-9F91-D005F4293B97}.Debug|Any CPU.Build.0 = Debug|Any CPU
		{F1419FE8-12D2-487E-9F91-D005F4293B97}.Release|Any CPU.ActiveCfg = Release|Any CPU
		{F1419FE8-12D2-487E-9F91-D005F4293B97}.Release|Any CPU.Build.0 = Release|Any CPU
		{6E9DD63F-8C8C-429A-839B-49290707EF2A}.Debug|Any CPU.ActiveCfg = Debug|Any CPU
		{6E9DD63F-8C8C-429A-839B-49290707EF2A}.Debug|Any CPU.Build.0 = Debug|Any CPU
		{6E9DD63F-8C8C-429A-839B-49290707EF2A}.Release|Any CPU.ActiveCfg = Release|Any CPU
		{6E9DD63F-8C8C-429A-839B-49290707EF2A}.Release|Any CPU.Build.0 = Release|Any CPU
		{43964ADD-BBA8-4862-9B81-2DF7BA8618B2}.Debug|Any CPU.ActiveCfg = Debug|Any CPU
		{43964ADD-BBA8-4862-9B81-2DF7BA8618B2}.Debug|Any CPU.Build.0 = Debug|Any CPU
		{43964ADD-BBA8-4862-9B81-2DF7BA8618B2}.Release|Any CPU.ActiveCfg = Release|Any CPU
		{43964ADD-BBA8-4862-9B81-2DF7BA8618B2}.Release|Any CPU.Build.0 = Release|Any CPU
		{B1D30DE2-6BD5-43E5-9F15-E000377D0B2F}.Debug|Any CPU.ActiveCfg = Debug|Any CPU
		{B1D30DE2-6BD5-43E5-9F15-E000377D0B2F}.Debug|Any CPU.Build.0 = Debug|Any CPU
		{B1D30DE2-6BD5-43E5-9F15-E000377D0B2F}.Release|Any CPU.ActiveCfg = Release|Any CPU
		{B1D30DE2-6BD5-43E5-9F15-E000377D0B2F}.Release|Any CPU.Build.0 = Release|Any CPU
		{82A2F103-819A-4E14-B287-2258C1ADB864}.Debug|Any CPU.ActiveCfg = Debug|Any CPU
		{82A2F103-819A-4E14-B287-2258C1ADB864}.Debug|Any CPU.Build.0 = Debug|Any CPU
		{82A2F103-819A-4E14-B287-2258C1ADB864}.Release|Any CPU.ActiveCfg = Release|Any CPU
		{82A2F103-819A-4E14-B287-2258C1ADB864}.Release|Any CPU.Build.0 = Release|Any CPU
		{369C30DE-C68E-41DA-8657-4FAF97026C1A}.Debug|Any CPU.ActiveCfg = Debug|Any CPU
		{369C30DE-C68E-41DA-8657-4FAF97026C1A}.Debug|Any CPU.Build.0 = Debug|Any CPU
		{369C30DE-C68E-41DA-8657-4FAF97026C1A}.Release|Any CPU.ActiveCfg = Release|Any CPU
		{369C30DE-C68E-41DA-8657-4FAF97026C1A}.Release|Any CPU.Build.0 = Release|Any CPU
		{739B0E9E-CA1B-4A76-9D75-BFA595B20E1E}.Debug|Any CPU.ActiveCfg = Debug|Any CPU
		{739B0E9E-CA1B-4A76-9D75-BFA595B20E1E}.Debug|Any CPU.Build.0 = Debug|Any CPU
		{739B0E9E-CA1B-4A76-9D75-BFA595B20E1E}.Release|Any CPU.ActiveCfg = Release|Any CPU
		{739B0E9E-CA1B-4A76-9D75-BFA595B20E1E}.Release|Any CPU.Build.0 = Release|Any CPU
	EndGlobalSection
EndGlobal
