
Microsoft Visual Studio Solution File, Format Version 12.00
Project("{2150E333-8FDC-42A3-9474-1A3956D46DE8}") = "src", "src", "{CF908E06-9055-4B1D-8670-5B57849DB57B}"
EndProject
Project("{FAE04EC0-301F-11D3-BF4B-00C04F79EFBC}") = "Giantnode.Service.Runner.Contracts", "src\Contracts\Giantnodes.Service.Runner.Contracts.csproj", "{DC3DCBDA-6EAA-4689-8252-9DC08763DEE0}"
EndProject
Project("{FAE04EC0-301F-11D3-BF4B-00C04F79EFBC}") = "Giantnodes.Service.Runner.Components", "src\Components\Giantnodes.Service.Runner.Components.csproj", "{79C41281-28A6-4605-BD34-B18BF225B275}"
EndProject
Project("{FAE04EC0-301F-11D3-BF4B-00C04F79EFBC}") = "Giantnodes.Service.Runner.Console", "src\Console\Giantnodes.Service.Runner.Console.csproj", "{656C678C-6702-464E-A4A0-149F1F5956CC}"
EndProject
Project("{FAE04EC0-301F-11D3-BF4B-00C04F79EFBC}") = "Giantnodes.Service.Runner.Infrastructure", "src\Infrastructure\Giantnodes.Service.Runner.Infrastructure.csproj", "{12452350-5049-44C9-98E3-2FC609B32D5A}"
EndProject
Project("{FAE04EC0-301F-11D3-BF4B-00C04F79EFBC}") = "Giantnodes.Service.Runner.Persistence", "src\Persistence\Giantnodes.Service.Runner.Persistence.csproj", "{90538BA2-467D-41A5-96C2-CFF78C0C2F4E}"
EndProject
Project("{2150E333-8FDC-42A3-9474-1A3956D46DE8}") = "test", "test", "{A4B51B8B-DA6D-4144-9102-66F9ABA47CE4}"
EndProject
Global
	GlobalSection(SolutionConfigurationPlatforms) = preSolution
		Debug|Any CPU = Debug|Any CPU
		Release|Any CPU = Release|Any CPU
	EndGlobalSection
	GlobalSection(ProjectConfigurationPlatforms) = postSolution
		{656C678C-6702-464E-A4A0-149F1F5956CC}.Debug|Any CPU.ActiveCfg = Debug|Any CPU
		{656C678C-6702-464E-A4A0-149F1F5956CC}.Debug|Any CPU.Build.0 = Debug|Any CPU
		{656C678C-6702-464E-A4A0-149F1F5956CC}.Release|Any CPU.ActiveCfg = Release|Any CPU
		{656C678C-6702-464E-A4A0-149F1F5956CC}.Release|Any CPU.Build.0 = Release|Any CPU
		{79C41281-28A6-4605-BD34-B18BF225B275}.Debug|Any CPU.ActiveCfg = Debug|Any CPU
		{79C41281-28A6-4605-BD34-B18BF225B275}.Debug|Any CPU.Build.0 = Debug|Any CPU
		{79C41281-28A6-4605-BD34-B18BF225B275}.Release|Any CPU.ActiveCfg = Release|Any CPU
		{79C41281-28A6-4605-BD34-B18BF225B275}.Release|Any CPU.Build.0 = Release|Any CPU
		{DC3DCBDA-6EAA-4689-8252-9DC08763DEE0}.Debug|Any CPU.ActiveCfg = Debug|Any CPU
		{DC3DCBDA-6EAA-4689-8252-9DC08763DEE0}.Debug|Any CPU.Build.0 = Debug|Any CPU
		{DC3DCBDA-6EAA-4689-8252-9DC08763DEE0}.Release|Any CPU.ActiveCfg = Release|Any CPU
		{DC3DCBDA-6EAA-4689-8252-9DC08763DEE0}.Release|Any CPU.Build.0 = Release|Any CPU
		{12452350-5049-44C9-98E3-2FC609B32D5A}.Debug|Any CPU.ActiveCfg = Debug|Any CPU
		{12452350-5049-44C9-98E3-2FC609B32D5A}.Debug|Any CPU.Build.0 = Debug|Any CPU
		{12452350-5049-44C9-98E3-2FC609B32D5A}.Release|Any CPU.ActiveCfg = Release|Any CPU
		{12452350-5049-44C9-98E3-2FC609B32D5A}.Release|Any CPU.Build.0 = Release|Any CPU
		{90538BA2-467D-41A5-96C2-CFF78C0C2F4E}.Debug|Any CPU.ActiveCfg = Debug|Any CPU
		{90538BA2-467D-41A5-96C2-CFF78C0C2F4E}.Debug|Any CPU.Build.0 = Debug|Any CPU
		{90538BA2-467D-41A5-96C2-CFF78C0C2F4E}.Release|Any CPU.ActiveCfg = Release|Any CPU
		{90538BA2-467D-41A5-96C2-CFF78C0C2F4E}.Release|Any CPU.Build.0 = Release|Any CPU
	EndGlobalSection
	GlobalSection(NestedProjects) = preSolution
		{DC3DCBDA-6EAA-4689-8252-9DC08763DEE0} = {CF908E06-9055-4B1D-8670-5B57849DB57B}
		{79C41281-28A6-4605-BD34-B18BF225B275} = {CF908E06-9055-4B1D-8670-5B57849DB57B}
		{656C678C-6702-464E-A4A0-149F1F5956CC} = {CF908E06-9055-4B1D-8670-5B57849DB57B}
		{12452350-5049-44C9-98E3-2FC609B32D5A} = {CF908E06-9055-4B1D-8670-5B57849DB57B}
		{90538BA2-467D-41A5-96C2-CFF78C0C2F4E} = {CF908E06-9055-4B1D-8670-5B57849DB57B}
	EndGlobalSection
EndGlobal
